
Microsoft Visual Studio Solution File, Format Version 12.00
# Visual Studio Version 17
VisualStudioVersion = 17.5.33502.453
MinimumVisualStudioVersion = 10.0.40219.1
Project("{9A19103F-16F7-4668-BE54-9A1E7A4F7556}") = "ShopOnline.Modes", "ShopOnline.Modes\ShopOnline.Modes.csproj", "{EC66B7DE-D6D9-4797-BC92-F50EC6F4DF5D}"
EndProject
Project("{9A19103F-16F7-4668-BE54-9A1E7A4F7556}") = "Api.ShopOnline", "Api.ShopOnline\Api.ShopOnline.csproj", "{F85D088C-3256-42C7-A00D-4E7A8286E927}"
EndProject
Project("{9A19103F-16F7-4668-BE54-9A1E7A4F7556}") = "WEb.ShopOnline", "WEb.ShopOnline\WEb.ShopOnline.csproj", "{11069CB8-4888-4847-B7D2-E08268A4CC4C}"
EndProject
Global
	GlobalSection(SolutionConfigurationPlatforms) = preSolution
		Debug|Any CPU = Debug|Any CPU
		Release|Any CPU = Release|Any CPU
	EndGlobalSection
	GlobalSection(ProjectConfigurationPlatforms) = postSolution
		{EC66B7DE-D6D9-4797-BC92-F50EC6F4DF5D}.Debug|Any CPU.ActiveCfg = Debug|Any CPU
		{EC66B7DE-D6D9-4797-BC92-F50EC6F4DF5D}.Debug|Any CPU.Build.0 = Debug|Any CPU
		{EC66B7DE-D6D9-4797-BC92-F50EC6F4DF5D}.Release|Any CPU.ActiveCfg = Release|Any CPU
		{EC66B7DE-D6D9-4797-BC92-F50EC6F4DF5D}.Release|Any CPU.Build.0 = Release|Any CPU
		{F85D088C-3256-42C7-A00D-4E7A8286E927}.Debug|Any CPU.ActiveCfg = Debug|Any CPU
		{F85D088C-3256-42C7-A00D-4E7A8286E927}.Debug|Any CPU.Build.0 = Debug|Any CPU
		{F85D088C-3256-42C7-A00D-4E7A8286E927}.Release|Any CPU.ActiveCfg = Release|Any CPU
		{F85D088C-3256-42C7-A00D-4E7A8286E927}.Release|Any CPU.Build.0 = Release|Any CPU
		{11069CB8-4888-4847-B7D2-E08268A4CC4C}.Debug|Any CPU.ActiveCfg = Debug|Any CPU
		{11069CB8-4888-4847-B7D2-E08268A4CC4C}.Debug|Any CPU.Build.0 = Debug|Any CPU
		{11069CB8-4888-4847-B7D2-E08268A4CC4C}.Release|Any CPU.ActiveCfg = Release|Any CPU
		{11069CB8-4888-4847-B7D2-E08268A4CC4C}.Release|Any CPU.Build.0 = Release|Any CPU
	EndGlobalSection
	GlobalSection(SolutionProperties) = preSolution
		HideSolutionNode = FALSE
	EndGlobalSection
	GlobalSection(ExtensibilityGlobals) = postSolution
		SolutionGuid = {1A531CF8-40E5-42D0-9688-0D3B3B2BF5C3}
	EndGlobalSection
EndGlobal
